// !$*UTF8*$!
{
	archiveVersion = 1;
	classes = {
	};
	objectVersion = 50;
	objects = {

/* Begin PBXBuildFile section */
		1B1CFF1622CBD1B000E1CE24 /* up.png in Resources */ = {isa = PBXBuildFile; fileRef = 1B1CFF1222CBD1B000E1CE24 /* up.png */; };
		1B1CFF1722CBD1B000E1CE24 /* down.png in Resources */ = {isa = PBXBuildFile; fileRef = 1B1CFF1322CBD1B000E1CE24 /* down.png */; };
		1B1CFF1822CBD1B000E1CE24 /* equal.png in Resources */ = {isa = PBXBuildFile; fileRef = 1B1CFF1422CBD1B000E1CE24 /* equal.png */; };
		1B1CFF1922CBD1B000E1CE24 /* upbit.jpg in Resources */ = {isa = PBXBuildFile; fileRef = 1B1CFF1522CBD1B000E1CE24 /* upbit.jpg */; };
		1B1CFF1B22CBD1C800E1CE24 /* TableViewCell.swift in Sources */ = {isa = PBXBuildFile; fileRef = 1B1CFF1A22CBD1C700E1CE24 /* TableViewCell.swift */; };
		1BDB735B22CBD0C500B739C8 /* AppDelegate.swift in Sources */ = {isa = PBXBuildFile; fileRef = 1BDB735A22CBD0C500B739C8 /* AppDelegate.swift */; };
		1BDB735D22CBD0C500B739C8 /* ViewController.swift in Sources */ = {isa = PBXBuildFile; fileRef = 1BDB735C22CBD0C500B739C8 /* ViewController.swift */; };
		1BDB736022CBD0C500B739C8 /* Main.storyboard in Resources */ = {isa = PBXBuildFile; fileRef = 1BDB735E22CBD0C500B739C8 /* Main.storyboard */; };
		1BDB736222CBD0C600B739C8 /* Assets.xcassets in Resources */ = {isa = PBXBuildFile; fileRef = 1BDB736122CBD0C600B739C8 /* Assets.xcassets */; };
		1BDB736522CBD0C600B739C8 /* LaunchScreen.storyboard in Resources */ = {isa = PBXBuildFile; fileRef = 1BDB736322CBD0C600B739C8 /* LaunchScreen.storyboard */; };
/* End PBXBuildFile section */

/* Begin PBXFileReference section */
		1B1CFF1222CBD1B000E1CE24 /* up.png */ = {isa = PBXFileReference; lastKnownFileType = image.png; path = up.png; sourceTree = "<group>"; };
		1B1CFF1322CBD1B000E1CE24 /* down.png */ = {isa = PBXFileReference; lastKnownFileType = image.png; path = down.png; sourceTree = "<group>"; };
		1B1CFF1422CBD1B000E1CE24 /* equal.png */ = {isa = PBXFileReference; lastKnownFileType = image.png; path = equal.png; sourceTree = "<group>"; };
		1B1CFF1522CBD1B000E1CE24 /* upbit.jpg */ = {isa = PBXFileReference; lastKnownFileType = image.jpeg; path = upbit.jpg; sourceTree = "<group>"; };
		1B1CFF1A22CBD1C700E1CE24 /* TableViewCell.swift */ = {isa = PBXFileReference; fileEncoding = 4; lastKnownFileType = sourcecode.swift; path = TableViewCell.swift; sourceTree = "<group>"; };
		1BDB735722CBD0C500B739C8 /* listview.app */ = {isa = PBXFileReference; explicitFileType = wrapper.application; includeInIndex = 0; path = listview.app; sourceTree = BUILT_PRODUCTS_DIR; };
		1BDB735A22CBD0C500B739C8 /* AppDelegate.swift */ = {isa = PBXFileReference; lastKnownFileType = sourcecode.swift; path = AppDelegate.swift; sourceTree = "<group>"; };
		1BDB735C22CBD0C500B739C8 /* ViewController.swift */ = {isa = PBXFileReference; lastKnownFileType = sourcecode.swift; path = ViewController.swift; sourceTree = "<group>"; };
		1BDB735F22CBD0C500B739C8 /* Base */ = {isa = PBXFileReference; lastKnownFileType = file.storyboard; name = Base; path = Base.lproj/Main.storyboard; sourceTree = "<group>"; };
		1BDB736122CBD0C600B739C8 /* Assets.xcassets */ = {isa = PBXFileReference; lastKnownFileType = folder.assetcatalog; path = Assets.xcassets; sourceTree = "<group>"; };
		1BDB736422CBD0C600B739C8 /* Base */ = {isa = PBXFileReference; lastKnownFileType = file.storyboard; name = Base; path = Base.lproj/LaunchScreen.storyboard; sourceTree = "<group>"; };
		1BDB736622CBD0C600B739C8 /* Info.plist */ = {isa = PBXFileReference; lastKnownFileType = text.plist.xml; path = Info.plist; sourceTree = "<group>"; };
/* End PBXFileReference section */

/* Begin PBXFrameworksBuildPhase section */
		1BDB735422CBD0C500B739C8 /* Frameworks */ = {
			isa = PBXFrameworksBuildPhase;
			buildActionMask = 2147483647;
			files = (
			);
			runOnlyForDeploymentPostprocessing = 0;
		};
/* End PBXFrameworksBuildPhase section */

/* Begin PBXGroup section */
		1B1CFF1122CBD1B000E1CE24 /* images */ = {
			isa = PBXGroup;
			children = (
				1B1CFF1222CBD1B000E1CE24 /* up.png */,
				1B1CFF1322CBD1B000E1CE24 /* down.png */,
				1B1CFF1422CBD1B000E1CE24 /* equal.png */,
				1B1CFF1522CBD1B000E1CE24 /* upbit.jpg */,
			);
			path = images;
			sourceTree = "<group>";
		};
		1BDB734E22CBD0C500B739C8 = {
			isa = PBXGroup;
			children = (
				1BDB735922CBD0C500B739C8 /* listview */,
				1BDB735822CBD0C500B739C8 /* Products */,
			);
			sourceTree = "<group>";
		};
		1BDB735822CBD0C500B739C8 /* Products */ = {
			isa = PBXGroup;
			children = (
				1BDB735722CBD0C500B739C8 /* listview.app */,
			);
			name = Products;
			sourceTree = "<group>";
		};
		1BDB735922CBD0C500B739C8 /* listview */ = {
			isa = PBXGroup;
			children = (
				1B1CFF1122CBD1B000E1CE24 /* images */,
				1BDB735A22CBD0C500B739C8 /* AppDelegate.swift */,
				1BDB735C22CBD0C500B739C8 /* ViewController.swift */,
				1B1CFF1A22CBD1C700E1CE24 /* TableViewCell.swift */,
				1BDB735E22CBD0C500B739C8 /* Main.storyboard */,
				1BDB736122CBD0C600B739C8 /* Assets.xcassets */,
				1BDB736322CBD0C600B739C8 /* LaunchScreen.storyboard */,
				1BDB736622CBD0C600B739C8 /* Info.plist */,
			);
			path = listview;
			sourceTree = "<group>";
		};
/* End PBXGroup section */

/* Begin PBXNativeTarget section */
		1BDB735622CBD0C500B739C8 /* listview */ = {
			isa = PBXNativeTarget;
			buildConfigurationList = 1BDB736922CBD0C600B739C8 /* Build configuration list for PBXNativeTarget "listview" */;
			buildPhases = (
				1BDB735322CBD0C500B739C8 /* Sources */,
				1BDB735422CBD0C500B739C8 /* Frameworks */,
				1BDB735522CBD0C500B739C8 /* Resources */,
			);
			buildRules = (
			);
			dependencies = (
			);
			name = listview;
			productName = listview;
			productReference = 1BDB735722CBD0C500B739C8 /* listview.app */;
			productType = "com.apple.product-type.application";
		};
/* End PBXNativeTarget section */

/* Begin PBXProject section */
		1BDB734F22CBD0C500B739C8 /* Project object */ = {
			isa = PBXProject;
			attributes = {
				LastSwiftUpdateCheck = 1020;
				LastUpgradeCheck = 1020;
				ORGANIZATIONNAME = HeejaeKim;
				TargetAttributes = {
					1BDB735622CBD0C500B739C8 = {
						CreatedOnToolsVersion = 10.2.1;
					};
				};
			};
			buildConfigurationList = 1BDB735222CBD0C500B739C8 /* Build configuration list for PBXProject "listview" */;
			compatibilityVersion = "Xcode 9.3";
			developmentRegion = en;
			hasScannedForEncodings = 0;
			knownRegions = (
				en,
				Base,
			);
			mainGroup = 1BDB734E22CBD0C500B739C8;
			productRefGroup = 1BDB735822CBD0C500B739C8 /* Products */;
			projectDirPath = "";
			projectRoot = "";
			targets = (
				1BDB735622CBD0C500B739C8 /* listview */,
			);
		};
/* End PBXProject section */

/* Begin PBXResourcesBuildPhase section */
		1BDB735522CBD0C500B739C8 /* Resources */ = {
			isa = PBXResourcesBuildPhase;
			buildActionMask = 2147483647;
			files = (
				1BDB736522CBD0C600B739C8 /* LaunchScreen.storyboard in Resources */,
				1B1CFF1922CBD1B000E1CE24 /* upbit.jpg in Resources */,
				1B1CFF1722CBD1B000E1CE24 /* down.png in Resources */,
				1B1CFF1822CBD1B000E1CE24 /* equal.png in Resources */,
				1BDB736222CBD0C600B739C8 /* Assets.xcassets in Resources */,
				1B1CFF1622CBD1B000E1CE24 /* up.png in Resources */,
				1BDB736022CBD0C500B739C8 /* Main.storyboard in Resources */,
			);
			runOnlyForDeploymentPostprocessing = 0;
		};
/* End PBXResourcesBuildPhase section */

/* Begin PBXSourcesBuildPhase section */
		1BDB735322CBD0C500B739C8 /* Sources */ = {
			isa = PBXSourcesBuildPhase;
			buildActionMask = 2147483647;
			files = (
				1B1CFF1B22CBD1C800E1CE24 /* TableViewCell.swift in Sources */,
				1BDB735D22CBD0C500B739C8 /* ViewController.swift in Sources */,
				1BDB735B22CBD0C500B739C8 /* AppDelegate.swift in Sources */,
			);
			runOnlyForDeploymentPostprocessing = 0;
		};
/* End PBXSourcesBuildPhase section */

/* Begin PBXVariantGroup section */
		1BDB735E22CBD0C500B739C8 /* Main.storyboard */ = {
			isa = PBXVariantGroup;
			children = (
				1BDB735F22CBD0C500B739C8 /* Base */,
			);
			name = Main.storyboard;
			sourceTree = "<group>";
		};
		1BDB736322CBD0C600B739C8 /* LaunchScreen.storyboard */ = {
			isa = PBXVariantGroup;
			children = (
				1BDB736422CBD0C600B739C8 /* Base */,
			);
			name = LaunchScreen.storyboard;
			sourceTree = "<group>";
		};
/* End PBXVariantGroup section */

/* Begin XCBuildConfiguration section */
		1BDB736722CBD0C600B739C8 /* Debug */ = {
			isa = XCBuildConfiguration;
			buildSettings = {
				ALWAYS_SEARCH_USER_PATHS = NO;
				CLANG_ANALYZER_NONNULL = YES;
				CLANG_ANALYZER_NUMBER_OBJECT_CONVERSION = YES_AGGRESSIVE;
				CLANG_CXX_LANGUAGE_STANDARD = "gnu++14";
				CLANG_CXX_LIBRARY = "libc++";
				CLANG_ENABLE_MODULES = YES;
				CLANG_ENABLE_OBJC_ARC = YES;
				CLANG_ENABLE_OBJC_WEAK = YES;
				CLANG_WARN_BLOCK_CAPTURE_AUTORELEASING = YES;
				CLANG_WARN_BOOL_CONVERSION = YES;
				CLANG_WARN_COMMA = YES;
				CLANG_WARN_CONSTANT_CONVERSION = YES;
				CLANG_WARN_DEPRECATED_OBJC_IMPLEMENTATIONS = YES;
				CLANG_WARN_DIRECT_OBJC_ISA_USAGE = YES_ERROR;
				CLANG_WARN_DOCUMENTATION_COMMENTS = YES;
				CLANG_WARN_EMPTY_BODY = YES;
				CLANG_WARN_ENUM_CONVERSION = YES;
				CLANG_WARN_INFINITE_RECURSION = YES;
				CLANG_WARN_INT_CONVERSION = YES;
				CLANG_WARN_NON_LITERAL_NULL_CONVERSION = YES;
				CLANG_WARN_OBJC_IMPLICIT_RETAIN_SELF = YES;
				CLANG_WARN_OBJC_LITERAL_CONVERSION = YES;
				CLANG_WARN_OBJC_ROOT_CLASS = YES_ERROR;
				CLANG_WARN_RANGE_LOOP_ANALYSIS = YES;
				CLANG_WARN_STRICT_PROTOTYPES = YES;
				CLANG_WARN_SUSPICIOUS_MOVE = YES;
				CLANG_WARN_UNGUARDED_AVAILABILITY = YES_AGGRESSIVE;
				CLANG_WARN_UNREACHABLE_CODE = YES;
				CLANG_WARN__DUPLICATE_METHOD_MATCH = YES;
				CODE_SIGN_IDENTITY = "iPhone Developer";
				COPY_PHASE_STRIP = NO;
				DEBUG_INFORMATION_FORMAT = dwarf;
				ENABLE_STRICT_OBJC_MSGSEND = YES;
				ENABLE_TESTABILITY = YES;
				GCC_C_LANGUAGE_STANDARD = gnu11;
				GCC_DYNAMIC_NO_PIC = NO;
				GCC_NO_COMMON_BLOCKS = YES;
				GCC_OPTIMIZATION_LEVEL = 0;
				GCC_PREPROCESSOR_DEFINITIONS = (
					"DEBUG=1",
					"$(inherited)",
				);
				GCC_WARN_64_TO_32_BIT_CONVERSION = YES;
				GCC_WARN_ABOUT_RETURN_TYPE = YES_ERROR;
				GCC_WARN_UNDECLARED_SELECTOR = YES;
				GCC_WARN_UNINITIALIZED_AUTOS = YES_AGGRESSIVE;
				GCC_WARN_UNUSED_FUNCTION = YES;
				GCC_WARN_UNUSED_VARIABLE = YES;
				IPHONEOS_DEPLOYMENT_TARGET = 12.2;
				MTL_ENABLE_DEBUG_INFO = INCLUDE_SOURCE;
				MTL_FAST_MATH = YES;
				ONLY_ACTIVE_ARCH = YES;
				SDKROOT = iphoneos;
				SWIFT_ACTIVE_COMPILATION_CONDITIONS = DEBUG;
				SWIFT_OPTIMIZATION_LEVEL = "-Onone";
			};
			name = Debug;
		};
		1BDB736822CBD0C600B739C8 /* Release */ = {
			isa = XCBuildConfiguration;
			buildSettings = {
				ALWAYS_SEARCH_USER_PATHS = NO;
				CLANG_ANALYZER_NONNULL = YES;
				CLANG_ANALYZER_NUMBER_OBJECT_CONVERSION = YES_AGGRESSIVE;
				CLANG_CXX_LANGUAGE_STANDARD = "gnu++14";
				CLANG_CXX_LIBRARY = "libc++";
				CLANG_ENABLE_MODULES = YES;
				CLANG_ENABLE_OBJC_ARC = YES;
				CLANG_ENABLE_OBJC_WEAK = YES;
				CLANG_WARN_BLOCK_CAPTURE_AUTORELEASING = YES;
				CLANG_WARN_BOOL_CONVERSION = YES;
				CLANG_WARN_COMMA = YES;
				CLANG_WARN_CONSTANT_CONVERSION = YES;
				CLANG_WARN_DEPRECATED_OBJC_IMPLEMENTATIONS = YES;
				CLANG_WARN_DIRECT_OBJC_ISA_USAGE = YES_ERROR;
				CLANG_WARN_DOCUMENTATION_COMMENTS = YES;
				CLANG_WARN_EMPTY_BODY = YES;
				CLANG_WARN_ENUM_CONVERSION = YES;
				CLANG_WARN_INFINITE_RECURSION = YES;
				CLANG_WARN_INT_CONVERSION = YES;
				CLANG_WARN_NON_LITERAL_NULL_CONVERSION = YES;
				CLANG_WARN_OBJC_IMPLICIT_RETAIN_SELF = YES;
				CLANG_WARN_OBJC_LITERAL_CONVERSION = YES;
				CLANG_WARN_OBJC_ROOT_CLASS = YES_ERROR;
				CLANG_WARN_RANGE_LOOP_ANALYSIS = YES;
				CLANG_WARN_STRICT_PROTOTYPES = YES;
				CLANG_WARN_SUSPICIOUS_MOVE = YES;
				CLANG_WARN_UNGUARDED_AVAILABILITY = YES_AGGRESSIVE;
				CLANG_WARN_UNREACHABLE_CODE = YES;
				CLANG_WARN__DUPLICATE_METHOD_MATCH = YES;
				CODE_SIGN_IDENTITY = "iPhone Developer";
				COPY_PHASE_STRIP = NO;
				DEBUG_INFORMATION_FORMAT = "dwarf-with-dsym";
				ENABLE_NS_ASSERTIONS = NO;
				ENABLE_STRICT_OBJC_MSGSEND = YES;
				GCC_C_LANGUAGE_STANDARD = gnu11;
				GCC_NO_COMMON_BLOCKS = YES;
				GCC_WARN_64_TO_32_BIT_CONVERSION = YES;
				GCC_WARN_ABOUT_RETURN_TYPE = YES_ERROR;
				GCC_WARN_UNDECLARED_SELECTOR = YES;
				GCC_WARN_UNINITIALIZED_AUTOS = YES_AGGRESSIVE;
				GCC_WARN_UNUSED_FUNCTION = YES;
				GCC_WARN_UNUSED_VARIABLE = YES;
				IPHONEOS_DEPLOYMENT_TARGET = 12.2;
				MTL_ENABLE_DEBUG_INFO = NO;
				MTL_FAST_MATH = YES;
				SDKROOT = iphoneos;
				SWIFT_COMPILATION_MODE = wholemodule;
				SWIFT_OPTIMIZATION_LEVEL = "-O";
				VALIDATE_PRODUCT = YES;
			};
			name = Release;
		};
		1BDB736A22CBD0C600B739C8 /* Debug */ = {
			isa = XCBuildConfiguration;
			buildSettings = {
				ASSETCATALOG_COMPILER_APPICON_NAME = AppIcon;
				CODE_SIGN_STYLE = Automatic;
				INFOPLIST_FILE = listview/Info.plist;
				LD_RUNPATH_SEARCH_PATHS = (
					"$(inherited)",
					"@executable_path/Frameworks",
				);
				PRODUCT_BUNDLE_IDENTIFIER = com.heejae.ios.listview;
				PRODUCT_NAME = "$(TARGET_NAME)";
				SWIFT_VERSION = 5.0;
				TARGETED_DEVICE_FAMILY = "1,2";
			};
			name = Debug;
		};
		1BDB736B22CBD0C600B739C8 /* Release */ = {
			isa = XCBuildConfiguration;
			buildSettings = {
				ASSETCATALOG_COMPILER_APPICON_NAME = AppIcon;
				CODE_SIGN_STYLE = Automatic;
				INFOPLIST_FILE = listview/Info.plist;
				LD_RUNPATH_SEARCH_PATHS = (
					"$(inherited)",
					"@executable_path/Frameworks",
				);
				PRODUCT_BUNDLE_IDENTIFIER = com.heejae.ios.listview;
				PRODUCT_NAME = "$(TARGET_NAME)";
				SWIFT_VERSION = 5.0;
				TARGETED_DEVICE_FAMILY = "1,2";
			};
			name = Release;
		};
/* End XCBuildConfiguration section */

/* Begin XCConfigurationList section */
		1BDB735222CBD0C500B739C8 /* Build configuration list for PBXProject "listview" */ = {
			isa = XCConfigurationList;
			buildConfigurations = (
				1BDB736722CBD0C600B739C8 /* Debug */,
				1BDB736822CBD0C600B739C8 /* Release */,
			);
			defaultConfigurationIsVisible = 0;
			defaultConfigurationName = Release;
		};
		1BDB736922CBD0C600B739C8 /* Build configuration list for PBXNativeTarget "listview" */ = {
			isa = XCConfigurationList;
			buildConfigurations = (
				1BDB736A22CBD0C600B739C8 /* Debug */,
				1BDB736B22CBD0C600B739C8 /* Release */,
			);
			defaultConfigurationIsVisible = 0;
			defaultConfigurationName = Release;
		};
/* End XCConfigurationList section */
	};
	rootObject = 1BDB734F22CBD0C500B739C8 /* Project object */;
}
